{"filter":false,"title":"Gemfile.lock","tooltip":"/Gemfile.lock","undoManager":{"mark":0,"position":0,"stack":[[{"group":"doc","deltas":[{"start":{"row":219,"column":0},"end":{"row":220,"column":0},"action":"remove","lines":["  mail (~> 2)",""]}]}]]},"ace":{"folds":[],"scrolltop":3059.5,"scrollleft":0,"selection":{"start":{"row":0,"column":0},"end":{"row":0,"column":0},"isBackwards":false},"options":{"guessTabSize":true,"useWrapMode":false,"wrapToView":true},"firstLineState":{"row":217,"state":"start","mode":"ace/mode/text"}},"timestamp":1421958651722,"hash":"0759b14c4286e43ec21f3a6400c13cc5a7aa74b7"}